// !$*UTF8*$!
{
	archiveVersion = 1;
	classes = {
	};
	objectVersion = 52;
	objects = {

/* Begin PBXBuildFile section */
		D630126323CDBDA700D07057 /* SyncingViewController.m in Sources */ = {isa = PBXBuildFile; fileRef = D630126223CDBDA700D07057 /* SyncingViewController.m */; };
		D67B6A2023CC777500891072 /* WindowController.m in Sources */ = {isa = PBXBuildFile; fileRef = D67B6A1F23CC777500891072 /* WindowController.m */; };
		EF2B6CD424537795000EFBBF /* SyncProfile.m in Sources */ = {isa = PBXBuildFile; fileRef = EF2B6CD324537795000EFBBF /* SyncProfile.m */; };
		EF8658C723CB84C50041726A /* AppDelegate.m in Sources */ = {isa = PBXBuildFile; fileRef = EF8658C623CB84C50041726A /* AppDelegate.m */; };
		EF8658CA23CB84C50041726A /* MainViewController.m in Sources */ = {isa = PBXBuildFile; fileRef = EF8658C923CB84C50041726A /* MainViewController.m */; };
		EF8658CC23CB84C80041726A /* Assets.xcassets in Resources */ = {isa = PBXBuildFile; fileRef = EF8658CB23CB84C80041726A /* Assets.xcassets */; };
		EF8658CF23CB84C80041726A /* Main.storyboard in Resources */ = {isa = PBXBuildFile; fileRef = EF8658CD23CB84C80041726A /* Main.storyboard */; };
		EF8658D223CB84C80041726A /* main.m in Sources */ = {isa = PBXBuildFile; fileRef = EF8658D123CB84C80041726A /* main.m */; };
		EFB48980245AC5B800CB2788 /* Foundation.m in Sources */ = {isa = PBXBuildFile; fileRef = EFB4897F245AC5B800CB2788 /* Foundation.m */; };
		EFCFDA702459E5F0008C7853 /* Settings.m in Sources */ = {isa = PBXBuildFile; fileRef = EFCFDA6F2459E5F0008C7853 /* Settings.m */; };
		EFCFDA762459E845008C7853 /* UNXParsable.m in Sources */ = {isa = PBXBuildFile; fileRef = EFCFDA752459E845008C7853 /* UNXParsable.m */; };
/* End PBXBuildFile section */

/* Begin PBXFileReference section */
		D630126123CDBDA700D07057 /* SyncingViewController.h */ = {isa = PBXFileReference; lastKnownFileType = sourcecode.c.h; path = SyncingViewController.h; sourceTree = "<group>"; };
		D630126223CDBDA700D07057 /* SyncingViewController.m */ = {isa = PBXFileReference; lastKnownFileType = sourcecode.c.objc; path = SyncingViewController.m; sourceTree = "<group>"; };
		D67B6A1E23CC777500891072 /* WindowController.h */ = {isa = PBXFileReference; lastKnownFileType = sourcecode.c.h; path = WindowController.h; sourceTree = "<group>"; };
		D67B6A1F23CC777500891072 /* WindowController.m */ = {isa = PBXFileReference; lastKnownFileType = sourcecode.c.objc; path = WindowController.m; sourceTree = "<group>"; };
		D67B6A2123CC78E600891072 /* WindowActionsResponder.h */ = {isa = PBXFileReference; lastKnownFileType = sourcecode.c.h; path = WindowActionsResponder.h; sourceTree = "<group>"; };
		D67B6A2223CC996700891072 /* Config.xcconfig */ = {isa = PBXFileReference; lastKnownFileType = text.xcconfig; path = Config.xcconfig; sourceTree = "<group>"; };
		EF2B6CD224537795000EFBBF /* SyncProfile.h */ = {isa = PBXFileReference; lastKnownFileType = sourcecode.c.h; path = SyncProfile.h; sourceTree = "<group>"; };
		EF2B6CD324537795000EFBBF /* SyncProfile.m */ = {isa = PBXFileReference; lastKnownFileType = sourcecode.c.objc; path = SyncProfile.m; sourceTree = "<group>"; };
		EF8658C223CB84C50041726A /* grsyncx.app */ = {isa = PBXFileReference; explicitFileType = wrapper.application; includeInIndex = 0; path = grsyncx.app; sourceTree = BUILT_PRODUCTS_DIR; };
		EF8658C523CB84C50041726A /* AppDelegate.h */ = {isa = PBXFileReference; lastKnownFileType = sourcecode.c.h; path = AppDelegate.h; sourceTree = "<group>"; };
		EF8658C623CB84C50041726A /* AppDelegate.m */ = {isa = PBXFileReference; lastKnownFileType = sourcecode.c.objc; path = AppDelegate.m; sourceTree = "<group>"; };
		EF8658C823CB84C50041726A /* MainViewController.h */ = {isa = PBXFileReference; lastKnownFileType = sourcecode.c.h; path = MainViewController.h; sourceTree = "<group>"; };
		EF8658C923CB84C50041726A /* MainViewController.m */ = {isa = PBXFileReference; lastKnownFileType = sourcecode.c.objc; path = MainViewController.m; sourceTree = "<group>"; };
		EF8658CB23CB84C80041726A /* Assets.xcassets */ = {isa = PBXFileReference; lastKnownFileType = folder.assetcatalog; path = Assets.xcassets; sourceTree = "<group>"; };
		EF8658CE23CB84C80041726A /* Base */ = {isa = PBXFileReference; lastKnownFileType = file.storyboard; name = Base; path = Base.lproj/Main.storyboard; sourceTree = "<group>"; };
		EF8658D023CB84C80041726A /* Info.plist */ = {isa = PBXFileReference; lastKnownFileType = text.plist.xml; path = Info.plist; sourceTree = "<group>"; };
		EF8658D123CB84C80041726A /* main.m */ = {isa = PBXFileReference; lastKnownFileType = sourcecode.c.objc; path = main.m; sourceTree = "<group>"; };
		EF8658D323CB84C80041726A /* grsyncx.entitlements */ = {isa = PBXFileReference; lastKnownFileType = text.plist.entitlements; path = grsyncx.entitlements; sourceTree = "<group>"; };
		EFB4897E245AC5B800CB2788 /* Foundation.h */ = {isa = PBXFileReference; lastKnownFileType = sourcecode.c.h; path = Foundation.h; sourceTree = "<group>"; };
		EFB4897F245AC5B800CB2788 /* Foundation.m */ = {isa = PBXFileReference; lastKnownFileType = sourcecode.c.objc; path = Foundation.m; sourceTree = "<group>"; };
		EFCFDA6E2459E5F0008C7853 /* Settings.h */ = {isa = PBXFileReference; lastKnownFileType = sourcecode.c.h; path = Settings.h; sourceTree = "<group>"; };
		EFCFDA6F2459E5F0008C7853 /* Settings.m */ = {isa = PBXFileReference; lastKnownFileType = sourcecode.c.objc; path = Settings.m; sourceTree = "<group>"; };
		EFCFDA742459E845008C7853 /* UNXParsable.h */ = {isa = PBXFileReference; fileEncoding = 4; lastKnownFileType = sourcecode.c.h; path = UNXParsable.h; sourceTree = "<group>"; };
		EFCFDA752459E845008C7853 /* UNXParsable.m */ = {isa = PBXFileReference; fileEncoding = 4; lastKnownFileType = sourcecode.c.objc; path = UNXParsable.m; sourceTree = "<group>"; };
		EFCFDA772459F5E5008C7853 /* Notifications.h */ = {isa = PBXFileReference; lastKnownFileType = sourcecode.c.h; path = Notifications.h; sourceTree = "<group>"; };
/* End PBXFileReference section */

/* Begin PBXFrameworksBuildPhase section */
		EF8658BF23CB84C50041726A /* Frameworks */ = {
			isa = PBXFrameworksBuildPhase;
			buildActionMask = 2147483647;
			files = (
			);
			runOnlyForDeploymentPostprocessing = 0;
		};
/* End PBXFrameworksBuildPhase section */

/* Begin PBXGroup section */
		EF2B6CD02453265E000EFBBF /* Controllers */ = {
			isa = PBXGroup;
			children = (
				EF2B6CD724538246000EFBBF /* Window */,
				EF2B6CD52453821F000EFBBF /* MainView */,
				EF2B6CD624538234000EFBBF /* SyncingView */,
			);
			path = Controllers;
			sourceTree = "<group>";
		};
		EF2B6CD12453267B000EFBBF /* Models */ = {
			isa = PBXGroup;
			children = (
				EF2B6CD224537795000EFBBF /* SyncProfile.h */,
				EF2B6CD324537795000EFBBF /* SyncProfile.m */,
			);
			path = Models;
			sourceTree = "<group>";
		};
		EF2B6CD52453821F000EFBBF /* MainView */ = {
			isa = PBXGroup;
			children = (
				EF8658C823CB84C50041726A /* MainViewController.h */,
				EF8658C923CB84C50041726A /* MainViewController.m */,
			);
			path = MainView;
			sourceTree = "<group>";
		};
		EF2B6CD624538234000EFBBF /* SyncingView */ = {
			isa = PBXGroup;
			children = (
				D630126123CDBDA700D07057 /* SyncingViewController.h */,
				D630126223CDBDA700D07057 /* SyncingViewController.m */,
			);
			path = SyncingView;
			sourceTree = "<group>";
		};
		EF2B6CD724538246000EFBBF /* Window */ = {
			isa = PBXGroup;
			children = (
				D67B6A1E23CC777500891072 /* WindowController.h */,
				D67B6A1F23CC777500891072 /* WindowController.m */,
				D67B6A2123CC78E600891072 /* WindowActionsResponder.h */,
			);
			path = Window;
			sourceTree = "<group>";
		};
		EF8658B923CB84C50041726A = {
			isa = PBXGroup;
			children = (
				EF8658C423CB84C50041726A /* grsyncx */,
				EF8658C323CB84C50041726A /* Products */,
			);
			sourceTree = "<group>";
		};
		EF8658C323CB84C50041726A /* Products */ = {
			isa = PBXGroup;
			children = (
				EF8658C223CB84C50041726A /* grsyncx.app */,
			);
			name = Products;
			sourceTree = "<group>";
		};
		EF8658C423CB84C50041726A /* grsyncx */ = {
			isa = PBXGroup;
			children = (
				EF2B6CD12453267B000EFBBF /* Models */,
				EF2B6CD02453265E000EFBBF /* Controllers */,
				EFCFDA6D2459E403008C7853 /* Helpers */,
				EFB48981245AD47C00CB2788 /* Resources */,
				EFB48982245AD49700CB2788 /* Support */,
				EF8658C523CB84C50041726A /* AppDelegate.h */,
				EF8658C623CB84C50041726A /* AppDelegate.m */,
				EF8658D323CB84C80041726A /* grsyncx.entitlements */,
				EF8658D023CB84C80041726A /* Info.plist */,
				EF8658D123CB84C80041726A /* main.m */,
			);
			path = grsyncx;
			sourceTree = "<group>";
		};
		EFB48981245AD47C00CB2788 /* Resources */ = {
			isa = PBXGroup;
			children = (
				EF8658CB23CB84C80041726A /* Assets.xcassets */,
				EF8658CD23CB84C80041726A /* Main.storyboard */,
			);
			path = Resources;
			sourceTree = "<group>";
		};
		EFB48982245AD49700CB2788 /* Support */ = {
			isa = PBXGroup;
			children = (
				D67B6A2223CC996700891072 /* Config.xcconfig */,
			);
			path = Support;
			sourceTree = "<group>";
		};
		EFCFDA6D2459E403008C7853 /* Helpers */ = {
			isa = PBXGroup;
			children = (
				EFCFDA772459F5E5008C7853 /* Notifications.h */,
				EFCFDA6E2459E5F0008C7853 /* Settings.h */,
				EFCFDA6F2459E5F0008C7853 /* Settings.m */,
				EFB4897E245AC5B800CB2788 /* Foundation.h */,
				EFB4897F245AC5B800CB2788 /* Foundation.m */,
				EFCFDA742459E845008C7853 /* UNXParsable.h */,
				EFCFDA752459E845008C7853 /* UNXParsable.m */,
			);
			path = Helpers;
			sourceTree = "<group>";
		};
/* End PBXGroup section */

/* Begin PBXNativeTarget section */
		EF8658C123CB84C50041726A /* grsyncx */ = {
			isa = PBXNativeTarget;
			buildConfigurationList = EF8658D623CB84C80041726A /* Build configuration list for PBXNativeTarget "grsyncx" */;
			buildPhases = (
				EF8658BE23CB84C50041726A /* Sources */,
				EF8658BF23CB84C50041726A /* Frameworks */,
				EF8658C023CB84C50041726A /* Resources */,
			);
			buildRules = (
			);
			dependencies = (
			);
			name = grsyncx;
			productName = grsyncx;
			productReference = EF8658C223CB84C50041726A /* grsyncx.app */;
			productType = "com.apple.product-type.application";
		};
/* End PBXNativeTarget section */

/* Begin PBXProject section */
		EF8658BA23CB84C50041726A /* Project object */ = {
			isa = PBXProject;
			attributes = {
				CLASSPREFIX = "";
				LastUpgradeCheck = 1140;
				ORGANIZATIONNAME = "Michal Zelinka";
				TargetAttributes = {
					EF8658C123CB84C50041726A = {
						CreatedOnToolsVersion = 11.3;
					};
				};
			};
			buildConfigurationList = EF8658BD23CB84C50041726A /* Build configuration list for PBXProject "grsyncx" */;
			compatibilityVersion = "Xcode 11.0";
			developmentRegion = en;
			hasScannedForEncodings = 0;
			knownRegions = (
				en,
				Base,
			);
			mainGroup = EF8658B923CB84C50041726A;
			productRefGroup = EF8658C323CB84C50041726A /* Products */;
			projectDirPath = "";
			projectRoot = "";
			targets = (
				EF8658C123CB84C50041726A /* grsyncx */,
			);
		};
/* End PBXProject section */

/* Begin PBXResourcesBuildPhase section */
		EF8658C023CB84C50041726A /* Resources */ = {
			isa = PBXResourcesBuildPhase;
			buildActionMask = 2147483647;
			files = (
				EF8658CC23CB84C80041726A /* Assets.xcassets in Resources */,
				EF8658CF23CB84C80041726A /* Main.storyboard in Resources */,
			);
			runOnlyForDeploymentPostprocessing = 0;
		};
/* End PBXResourcesBuildPhase section */

/* Begin PBXSourcesBuildPhase section */
		EF8658BE23CB84C50041726A /* Sources */ = {
			isa = PBXSourcesBuildPhase;
			buildActionMask = 2147483647;
			files = (
				EF8658CA23CB84C50041726A /* MainViewController.m in Sources */,
				EFB48980245AC5B800CB2788 /* Foundation.m in Sources */,
				EF2B6CD424537795000EFBBF /* SyncProfile.m in Sources */,
				D67B6A2023CC777500891072 /* WindowController.m in Sources */,
				D630126323CDBDA700D07057 /* SyncingViewController.m in Sources */,
				EF8658D223CB84C80041726A /* main.m in Sources */,
				EFCFDA762459E845008C7853 /* UNXParsable.m in Sources */,
				EF8658C723CB84C50041726A /* AppDelegate.m in Sources */,
				EFCFDA702459E5F0008C7853 /* Settings.m in Sources */,
			);
			runOnlyForDeploymentPostprocessing = 0;
		};
/* End PBXSourcesBuildPhase section */

/* Begin PBXVariantGroup section */
		EF8658CD23CB84C80041726A /* Main.storyboard */ = {
			isa = PBXVariantGroup;
			children = (
				EF8658CE23CB84C80041726A /* Base */,
			);
			name = Main.storyboard;
			sourceTree = "<group>";
		};
/* End PBXVariantGroup section */

/* Begin XCBuildConfiguration section */
		EF8658D423CB84C80041726A /* Debug */ = {
			isa = XCBuildConfiguration;
			baseConfigurationReference = D67B6A2223CC996700891072 /* Config.xcconfig */;
			buildSettings = {
				ALWAYS_SEARCH_USER_PATHS = NO;
				CLANG_ANALYZER_NONNULL = YES;
				CLANG_ANALYZER_NUMBER_OBJECT_CONVERSION = YES_AGGRESSIVE;
				CLANG_ENABLE_MODULES = YES;
				CLANG_ENABLE_OBJC_ARC = YES;
				CLANG_ENABLE_OBJC_WEAK = YES;
				CLANG_WARN_ASSIGN_ENUM = YES;
				CLANG_WARN_BLOCK_CAPTURE_AUTORELEASING = YES;
				CLANG_WARN_BOOL_CONVERSION = YES;
				CLANG_WARN_COMMA = YES;
				CLANG_WARN_CONSTANT_CONVERSION = YES;
				CLANG_WARN_DEPRECATED_OBJC_IMPLEMENTATIONS = YES;
				CLANG_WARN_DIRECT_OBJC_ISA_USAGE = YES_ERROR;
				CLANG_WARN_DOCUMENTATION_COMMENTS = YES;
				CLANG_WARN_EMPTY_BODY = YES;
				CLANG_WARN_ENUM_CONVERSION = YES;
				CLANG_WARN_IMPLICIT_SIGN_CONVERSION = YES;
				CLANG_WARN_INFINITE_RECURSION = YES;
				CLANG_WARN_INT_CONVERSION = YES;
				CLANG_WARN_NON_LITERAL_NULL_CONVERSION = YES;
				CLANG_WARN_OBJC_EXPLICIT_OWNERSHIP_TYPE = YES;
				CLANG_WARN_OBJC_IMPLICIT_RETAIN_SELF = YES;
				CLANG_WARN_OBJC_LITERAL_CONVERSION = YES;
				CLANG_WARN_OBJC_ROOT_CLASS = YES_ERROR;
				CLANG_WARN_RANGE_LOOP_ANALYSIS = YES;
				CLANG_WARN_STRICT_PROTOTYPES = YES;
				CLANG_WARN_SUSPICIOUS_IMPLICIT_CONVERSION = YES;
				CLANG_WARN_SUSPICIOUS_MOVE = YES;
				CLANG_WARN_UNGUARDED_AVAILABILITY = YES_AGGRESSIVE;
				CLANG_WARN_UNREACHABLE_CODE = YES_AGGRESSIVE;
				CLANG_WARN__DUPLICATE_METHOD_MATCH = YES;
				COPY_PHASE_STRIP = NO;
				DEBUG_INFORMATION_FORMAT = dwarf;
				ENABLE_STRICT_OBJC_MSGSEND = YES;
				ENABLE_TESTABILITY = YES;
				GCC_DYNAMIC_NO_PIC = NO;
				GCC_NO_COMMON_BLOCKS = YES;
				GCC_OPTIMIZATION_LEVEL = 0;
				GCC_PREPROCESSOR_DEFINITIONS = (
					"DEBUG=1",
					"$(inherited)",
				);
				GCC_WARN_64_TO_32_BIT_CONVERSION = YES;
				GCC_WARN_ABOUT_MISSING_FIELD_INITIALIZERS = YES;
				GCC_WARN_ABOUT_MISSING_NEWLINE = YES;
				GCC_WARN_ABOUT_MISSING_PROTOTYPES = YES;
				GCC_WARN_ABOUT_RETURN_TYPE = YES_ERROR;
				GCC_WARN_SHADOW = YES;
				GCC_WARN_SIGN_COMPARE = YES;
				GCC_WARN_STRICT_SELECTOR_MATCH = YES;
				GCC_WARN_UNDECLARED_SELECTOR = YES;
				GCC_WARN_UNINITIALIZED_AUTOS = YES_AGGRESSIVE;
				GCC_WARN_UNUSED_FUNCTION = YES;
				GCC_WARN_UNUSED_VARIABLE = YES;
				MACOSX_DEPLOYMENT_TARGET = 10.12;
				MTL_ENABLE_DEBUG_INFO = INCLUDE_SOURCE;
				MTL_FAST_MATH = YES;
				ONLY_ACTIVE_ARCH = YES;
				OTHER_CFLAGS = (
					"-ferror-limit=0",
					"-Wall",
				);
				SDKROOT = macosx;
				WARNING_CFLAGS = (
					"-Wall",
					"-Wextra",
					"-Wfloat-equal",
					"-Wundef",
				);
			};
			name = Debug;
		};
		EF8658D523CB84C80041726A /* Release */ = {
			isa = XCBuildConfiguration;
			baseConfigurationReference = D67B6A2223CC996700891072 /* Config.xcconfig */;
			buildSettings = {
				ALWAYS_SEARCH_USER_PATHS = NO;
				CLANG_ANALYZER_NONNULL = YES;
				CLANG_ANALYZER_NUMBER_OBJECT_CONVERSION = YES_AGGRESSIVE;
				CLANG_ENABLE_MODULES = YES;
				CLANG_ENABLE_OBJC_ARC = YES;
				CLANG_ENABLE_OBJC_WEAK = YES;
				CLANG_WARN_ASSIGN_ENUM = YES;
				CLANG_WARN_BLOCK_CAPTURE_AUTORELEASING = YES;
				CLANG_WARN_BOOL_CONVERSION = YES;
				CLANG_WARN_COMMA = YES;
				CLANG_WARN_CONSTANT_CONVERSION = YES;
				CLANG_WARN_DEPRECATED_OBJC_IMPLEMENTATIONS = YES;
				CLANG_WARN_DIRECT_OBJC_ISA_USAGE = YES_ERROR;
				CLANG_WARN_DOCUMENTATION_COMMENTS = YES;
				CLANG_WARN_EMPTY_BODY = YES;
				CLANG_WARN_ENUM_CONVERSION = YES;
				CLANG_WARN_IMPLICIT_SIGN_CONVERSION = YES;
				CLANG_WARN_INFINITE_RECURSION = YES;
				CLANG_WARN_INT_CONVERSION = YES;
				CLANG_WARN_NON_LITERAL_NULL_CONVERSION = YES;
				CLANG_WARN_OBJC_EXPLICIT_OWNERSHIP_TYPE = YES;
				CLANG_WARN_OBJC_IMPLICIT_RETAIN_SELF = YES;
				CLANG_WARN_OBJC_LITERAL_CONVERSION = YES;
				CLANG_WARN_OBJC_ROOT_CLASS = YES_ERROR;
				CLANG_WARN_RANGE_LOOP_ANALYSIS = YES;
				CLANG_WARN_STRICT_PROTOTYPES = YES;
				CLANG_WARN_SUSPICIOUS_IMPLICIT_CONVERSION = YES;
				CLANG_WARN_SUSPICIOUS_MOVE = YES;
				CLANG_WARN_UNGUARDED_AVAILABILITY = YES_AGGRESSIVE;
				CLANG_WARN_UNREACHABLE_CODE = YES_AGGRESSIVE;
				CLANG_WARN__DUPLICATE_METHOD_MATCH = YES;
				COPY_PHASE_STRIP = NO;
				DEBUG_INFORMATION_FORMAT = "dwarf-with-dsym";
				ENABLE_NS_ASSERTIONS = NO;
				ENABLE_STRICT_OBJC_MSGSEND = YES;
				GCC_NO_COMMON_BLOCKS = YES;
				GCC_PREPROCESSOR_DEFINITIONS = "NDEBUG=1";
				GCC_WARN_64_TO_32_BIT_CONVERSION = YES;
				GCC_WARN_ABOUT_MISSING_FIELD_INITIALIZERS = YES;
				GCC_WARN_ABOUT_MISSING_NEWLINE = YES;
				GCC_WARN_ABOUT_MISSING_PROTOTYPES = YES;
				GCC_WARN_ABOUT_RETURN_TYPE = YES_ERROR;
				GCC_WARN_SHADOW = YES;
				GCC_WARN_SIGN_COMPARE = YES;
				GCC_WARN_STRICT_SELECTOR_MATCH = YES;
				GCC_WARN_UNDECLARED_SELECTOR = YES;
				GCC_WARN_UNINITIALIZED_AUTOS = YES_AGGRESSIVE;
				GCC_WARN_UNUSED_FUNCTION = YES;
				GCC_WARN_UNUSED_VARIABLE = YES;
				LLVM_LTO = YES;
				MACOSX_DEPLOYMENT_TARGET = 10.12;
				MTL_ENABLE_DEBUG_INFO = NO;
				MTL_FAST_MATH = YES;
				OTHER_CFLAGS = (
					"-ferror-limit=0",
					"-Wall",
				);
				SDKROOT = macosx;
				WARNING_CFLAGS = (
					"-Wall",
					"-Wextra",
					"-Wfloat-equal",
					"-Wundef",
				);
			};
			name = Release;
		};
		EF8658D723CB84C80041726A /* Debug */ = {
			isa = XCBuildConfiguration;
			buildSettings = {
				ASSETCATALOG_COMPILER_APPICON_NAME = AppIcon;
				CODE_SIGN_ENTITLEMENTS = grsyncx/grsyncx.entitlements;
				CODE_SIGN_STYLE = Automatic;
				COMBINE_HIDPI_IMAGES = YES;
				DEVELOPMENT_TEAM = "";
				ENABLE_HARDENED_RUNTIME = YES;
				INFOPLIST_FILE = grsyncx/Info.plist;
				LD_RUNPATH_SEARCH_PATHS = (
					"$(inherited)",
					"@executable_path/../Frameworks",
				);
				PRODUCT_BUNDLE_IDENTIFIER = net.misacek.grsyncx;
				PRODUCT_NAME = "$(TARGET_NAME)";
			};
			name = Debug;
		};
		EF8658D823CB84C80041726A /* Release */ = {
			isa = XCBuildConfiguration;
			buildSettings = {
				ASSETCATALOG_COMPILER_APPICON_NAME = AppIcon;
				CODE_SIGN_ENTITLEMENTS = grsyncx/grsyncx.entitlements;
				CODE_SIGN_STYLE = Automatic;
				COMBINE_HIDPI_IMAGES = YES;
				DEVELOPMENT_TEAM = "";
				ENABLE_HARDENED_RUNTIME = YES;
				INFOPLIST_FILE = grsyncx/Info.plist;
				LD_RUNPATH_SEARCH_PATHS = (
					"$(inherited)",
					"@executable_path/../Frameworks",
				);
				PRODUCT_BUNDLE_IDENTIFIER = net.misacek.grsyncx;
				PRODUCT_NAME = "$(TARGET_NAME)";
			};
			name = Release;
		};
/* End XCBuildConfiguration section */

/* Begin XCConfigurationList section */
		EF8658BD23CB84C50041726A /* Build configuration list for PBXProject "grsyncx" */ = {
			isa = XCConfigurationList;
			buildConfigurations = (
				EF8658D423CB84C80041726A /* Debug */,
				EF8658D523CB84C80041726A /* Release */,
			);
			defaultConfigurationIsVisible = 0;
			defaultConfigurationName = Release;
		};
		EF8658D623CB84C80041726A /* Build configuration list for PBXNativeTarget "grsyncx" */ = {
			isa = XCConfigurationList;
			buildConfigurations = (
				EF8658D723CB84C80041726A /* Debug */,
				EF8658D823CB84C80041726A /* Release */,
			);
			defaultConfigurationIsVisible = 0;
			defaultConfigurationName = Release;
		};
/* End XCConfigurationList section */
	};
	rootObject = EF8658BA23CB84C50041726A /* Project object */;
}
